
Microsoft Visual Studio Solution File, Format Version 12.00
# Visual Studio Version 17
VisualStudioVersion = 17.9.34728.123
MinimumVisualStudioVersion = 10.0.40219.1
Project("{FAE04EC0-301F-11D3-BF4B-00C04F79EFBC}") = "CS_Form 2", "CS_Form 2\CS_Form 2.csproj", "{53EEDF09-9CA9-4F3F-BA1A-438F8DA09D1C}"
EndProject
Global
	GlobalSection(SolutionConfigurationPlatforms) = preSolution
		Debug|Any CPU = Debug|Any CPU
		Release|Any CPU = Release|Any CPU
	EndGlobalSection
	GlobalSection(ProjectConfigurationPlatforms) = postSolution
		{53EEDF09-9CA9-4F3F-BA1A-438F8DA09D1C}.Debug|Any CPU.ActiveCfg = Debug|Any CPU
		{53EEDF09-9CA9-4F3F-BA1A-438F8DA09D1C}.Debug|Any CPU.Build.0 = Debug|Any CPU
		{53EEDF09-9CA9-4F3F-BA1A-438F8DA09D1C}.Release|Any CPU.ActiveCfg = Release|Any CPU
		{53EEDF09-9CA9-4F3F-BA1A-438F8DA09D1C}.Release|Any CPU.Build.0 = Release|Any CPU
	EndGlobalSection
	GlobalSection(SolutionProperties) = preSolution
		HideSolutionNode = FALSE
	EndGlobalSection
	GlobalSection(ExtensibilityGlobals) = postSolution
		SolutionGuid = {110F62CA-E868-48FB-90F3-15F5D350B22C}
	EndGlobalSection
EndGlobal
